{
  "name": "module-test",
  "version": "1.0.0",
  "lockfileVersion": 1,
  "requires": true,
  "dependencies": {
    "rh-css": {
      "version": "0.0.1",
      "resolved": "https://registry.npmjs.org/rh-css/-/rh-css-0.0.1.tgz",
      "integrity": "sha512-mUJ0Hw4vLDZe5bX3Gq1eDHbpPENnT5NzkMNtT/72Yc82ASNr3HMvMLKhOoJQPHe8E6ozxd3MLomAVShp9dBiBw==",
      "dev": true
    }
  }
}
